
Microsoft Visual Studio Solution File, Format Version 12.00
# Visual Studio 14
VisualStudioVersion = 14.0.25420.1
MinimumVisualStudioVersion = 10.0.40219.1
Project("{8BC9CEB8-8B4A-11D0-8D11-00A0C91BC942}") = "LibTest", "PricingInIncompleteMarket\PricingInIncompleteMarket.vcxproj", "{9FB608CE-3477-4DD1-BF8C-55B29EAA23C3}"
EndProject
Project("{8BC9CEB8-8B4A-11D0-8D11-00A0C91BC942}") = "PricingLib", "PricingLib\PricingLib.vcxproj", "{D8B5A3C7-261B-4223-BED1-E0786A1D6D3B}"
EndProject
Global
	GlobalSection(SolutionConfigurationPlatforms) = preSolution
		Debug|x64 = Debug|x64
		Debug|x86 = Debug|x86
		Release|x64 = Release|x64
		Release|x86 = Release|x86
	EndGlobalSection
	GlobalSection(ProjectConfigurationPlatforms) = postSolution
		{9FB608CE-3477-4DD1-BF8C-55B29EAA23C3}.Debug|x64.ActiveCfg = Debug|x64
		{9FB608CE-3477-4DD1-BF8C-55B29EAA23C3}.Debug|x64.Build.0 = Debug|x64
		{9FB608CE-3477-4DD1-BF8C-55B29EAA23C3}.Debug|x86.ActiveCfg = Debug|Win32
		{9FB608CE-3477-4DD1-BF8C-55B29EAA23C3}.Debug|x86.Build.0 = Debug|Win32
		{9FB608CE-3477-4DD1-BF8C-55B29EAA23C3}.Release|x64.ActiveCfg = Release|x64
		{9FB608CE-3477-4DD1-BF8C-55B29EAA23C3}.Release|x64.Build.0 = Release|x64
		{9FB608CE-3477-4DD1-BF8C-55B29EAA23C3}.Release|x86.ActiveCfg = Release|Win32
		{9FB608CE-3477-4DD1-BF8C-55B29EAA23C3}.Release|x86.Build.0 = Release|Win32
		{D8B5A3C7-261B-4223-BED1-E0786A1D6D3B}.Debug|x64.ActiveCfg = Debug|x64
		{D8B5A3C7-261B-4223-BED1-E0786A1D6D3B}.Debug|x64.Build.0 = Debug|x64
		{D8B5A3C7-261B-4223-BED1-E0786A1D6D3B}.Debug|x86.ActiveCfg = Debug|Win32
		{D8B5A3C7-261B-4223-BED1-E0786A1D6D3B}.Debug|x86.Build.0 = Debug|Win32
		{D8B5A3C7-261B-4223-BED1-E0786A1D6D3B}.Release|x64.ActiveCfg = Release|x64
		{D8B5A3C7-261B-4223-BED1-E0786A1D6D3B}.Release|x64.Build.0 = Release|x64
		{D8B5A3C7-261B-4223-BED1-E0786A1D6D3B}.Release|x86.ActiveCfg = Release|Win32
		{D8B5A3C7-261B-4223-BED1-E0786A1D6D3B}.Release|x86.Build.0 = Release|Win32
	EndGlobalSection
	GlobalSection(SolutionProperties) = preSolution
		HideSolutionNode = FALSE
	EndGlobalSection
EndGlobal
