<?xml version="1.0" encoding="utf-8"?>
<Project ToolsVersion="4.0" xmlns="http://schemas.microsoft.com/developer/msbuild/2003">
  <ItemGroup>
    <Filter Include="Simulation">
      <UniqueIdentifier>{6ebfc2f7-4d36-4748-93f2-18a9de04562b}</UniqueIdentifier>
    </Filter>
    <Filter Include="Common">
      <UniqueIdentifier>{f698573b-df80-48a8-b18a-6252b23545b6}</UniqueIdentifier>
    </Filter>
    <Filter Include="Engine">
      <UniqueIdentifier>{4FC737F1-C7A5-4376-A066-2A32D752A2FF}</UniqueIdentifier>
      <Extensions>cpp;c;cc;cxx;def;odl;idl;hpj;bat;asm;asmx</Extensions>
    </Filter>
    <Filter Include="NoArbitrage">
      <UniqueIdentifier>{93995380-89BD-4b04-88EB-625FBE52EBFB}</UniqueIdentifier>
      <Extensions>h;hh;hpp;hxx;hm;inl;inc;xsd</Extensions>
    </Filter>
  </ItemGroup>
  <ItemGroup>
    <Text Include="ReadMe.txt" />
  </ItemGroup>
  <ItemGroup>
    <ClInclude Include="NoArbitrage.h">
      <Filter>NoArbitrage</Filter>
    </ClInclude>
    <ClInclude Include="LibObject.h">
      <Filter>Common</Filter>
    </ClInclude>
    <ClInclude Include="PricerEngine.h">
      <Filter>Engine</Filter>
    </ClInclude>
    <ClInclude Include="RandomNumber.h">
      <Filter>Simulation</Filter>
    </ClInclude>
    <ClInclude Include="EngineGenerator.h">
      <Filter>Engine</Filter>
    </ClInclude>
  </ItemGroup>
  <ItemGroup>
    <ClCompile Include="LibObject.cpp">
      <Filter>Common</Filter>
    </ClCompile>
    <ClCompile Include="PricerEngine.cpp">
      <Filter>Engine</Filter>
    </ClCompile>
    <ClCompile Include="RandomNumber.cpp">
      <Filter>Simulation</Filter>
    </ClCompile>
    <ClCompile Include="EngineGenerator.cpp">
      <Filter>Engine</Filter>
    </ClCompile>
    <ClCompile Include="NoArbitrage.cpp">
      <Filter>NoArbitrage</Filter>
    </ClCompile>
  </ItemGroup>
</Project>